<?xml version="1.0" encoding="utf-8"?>
<Project ToolsVersion="4.0" xmlns="http://schemas.microsoft.com/developer/msbuild/2003">
  <ItemGroup>
    <Filter Include="소스 파일">
      <UniqueIdentifier>{4FC737F1-C7A5-4376-A066-2A32D752A2FF}</UniqueIdentifier>
      <Extensions>cpp;c;cc;cxx;c++;cppm;ixx;def;odl;idl;hpj;bat;asm;asmx</Extensions>
    </Filter>
    <Filter Include="헤더 파일">
      <UniqueIdentifier>{93995380-89BD-4b04-88EB-625FBE52EBFB}</UniqueIdentifier>
      <Extensions>h;hh;hpp;hxx;h++;hm;inl;inc;ipp;xsd</Extensions>
    </Filter>
    <Filter Include="리소스 파일">
      <UniqueIdentifier>{67DA6AB6-F800-4c08-8B7A-83BB121AAD01}</UniqueIdentifier>
      <Extensions>rc;ico;cur;bmp;dlg;rc2;rct;bin;rgs;gif;jpg;jpeg;jpe;resx;tiff;tif;png;wav;mfcribbon-ms</Extensions>
    </Filter>
    <Filter Include="Commprotocol">
      <UniqueIdentifier>{c5a0ceb4-e283-4bd3-8cb3-e42490c76cf2}</UniqueIdentifier>
    </Filter>
  </ItemGroup>
  <ItemGroup>
    <ClInclude Include="SAMtest.h">
      <Filter>헤더 파일</Filter>
    </ClInclude>
    <ClInclude Include="SAMtestDlg.h">
      <Filter>헤더 파일</Filter>
    </ClInclude>
    <ClInclude Include="framework.h">
      <Filter>헤더 파일</Filter>
    </ClInclude>
    <ClInclude Include="targetver.h">
      <Filter>헤더 파일</Filter>
    </ClInclude>
    <ClInclude Include="Resource.h">
      <Filter>헤더 파일</Filter>
    </ClInclude>
    <ClInclude Include="pch.h">
      <Filter>헤더 파일</Filter>
    </ClInclude>
    <ClInclude Include="CRightPaneDlg.h">
      <Filter>헤더 파일</Filter>
    </ClInclude>
    <ClInclude Include="CLeftTopDlg.h">
      <Filter>헤더 파일</Filter>
    </ClInclude>
    <ClInclude Include="CLeftBottomDlg.h">
      <Filter>헤더 파일</Filter>
    </ClInclude>
    <ClInclude Include="CLaunchControlDlg.h">
      <Filter>헤더 파일</Filter>
    </ClInclude>
    <ClInclude Include="CMissileInfoDlg.h">
      <Filter>헤더 파일</Filter>
    </ClInclude>
    <ClInclude Include="CTargetInfoDlg.h">
      <Filter>헤더 파일</Filter>
    </ClInclude>
    <ClInclude Include="CMFRModeSelectDlg.h">
      <Filter>헤더 파일</Filter>
    </ClInclude>
    <ClInclude Include="CLSMoveDlg.h">
      <Filter>헤더 파일</Filter>
    </ClInclude>
    <ClInclude Include="CLSLaunchDlg.h">
      <Filter>헤더 파일</Filter>
    </ClInclude>
    <ClInclude Include="MessageCommon.h">
      <Filter>Commprotocol</Filter>
    </ClInclude>
    <ClInclude Include="SendMessageTypes.h">
      <Filter>Commprotocol</Filter>
    </ClInclude>
    <ClInclude Include="Serializer.h">
      <Filter>Commprotocol</Filter>
    </ClInclude>
    <ClInclude Include="Deserializer.h">
      <Filter>Commprotocol</Filter>
    </ClInclude>
    <ClInclude Include="ECC_TCP.h">
      <Filter>Commprotocol</Filter>
    </ClInclude>
    <ClInclude Include="ReceiveMessageTypes.h">
      <Filter>Commprotocol</Filter>
    </ClInclude>
    <ClInclude Include="RadarStatus.h">
      <Filter>Commprotocol</Filter>
    </ClInclude>
    <ClInclude Include="LSStatus.h">
      <Filter>Commprotocol</Filter>
    </ClInclude>
    <ClInclude Include="LCStatus.h">
      <Filter>Commprotocol</Filter>
    </ClInclude>
    <ClInclude Include="TargetStatus.h">
      <Filter>Commprotocol</Filter>
    </ClInclude>
    <ClInclude Include="MissileStatus.h">
      <Filter>Commprotocol</Filter>
    </ClInclude>
    <ClInclude Include="AckMessageTypes.h">
      <Filter>Commprotocol</Filter>
    </ClInclude>
    <ClInclude Include="ParsedPacket.h">
      <Filter>Commprotocol</Filter>
    </ClInclude>
    <ClInclude Include="PacketParser.h">
      <Filter>Commprotocol</Filter>
    </ClInclude>
    <ClInclude Include="ParseStatusResponse.h">
      <Filter>Commprotocol</Filter>
    </ClInclude>
    <ClInclude Include="IReceiver.h">
      <Filter>Commprotocol</Filter>
    </ClInclude>
    <ClInclude Include="MAP_TCP.h">
      <Filter>헤더 파일</Filter>
    </ClInclude>
  </ItemGroup>
  <ItemGroup>
    <ClCompile Include="SAMtest.cpp">
      <Filter>소스 파일</Filter>
    </ClCompile>
    <ClCompile Include="SAMtestDlg.cpp">
      <Filter>소스 파일</Filter>
    </ClCompile>
    <ClCompile Include="pch.cpp">
      <Filter>소스 파일</Filter>
    </ClCompile>
    <ClCompile Include="CRightPaneDlg.cpp">
      <Filter>소스 파일</Filter>
    </ClCompile>
    <ClCompile Include="CLeftTopDlg.cpp">
      <Filter>소스 파일</Filter>
    </ClCompile>
    <ClCompile Include="CLeftBottomDlg.cpp">
      <Filter>소스 파일</Filter>
    </ClCompile>
    <ClCompile Include="CLaunchControlDlg.cpp">
      <Filter>소스 파일</Filter>
    </ClCompile>
    <ClCompile Include="CMissileInfoDlg.cpp">
      <Filter>소스 파일</Filter>
    </ClCompile>
    <ClCompile Include="CTargetInfoDlg.cpp">
      <Filter>소스 파일</Filter>
    </ClCompile>
    <ClCompile Include="CMFRModeSelectDlg.cpp">
      <Filter>소스 파일</Filter>
    </ClCompile>
    <ClCompile Include="CLSMoveDlg.cpp">
      <Filter>소스 파일</Filter>
    </ClCompile>
    <ClCompile Include="CLSLaunchDlg.cpp">
      <Filter>소스 파일</Filter>
    </ClCompile>
    <ClCompile Include="ECC_TCP.cpp">
      <Filter>Commprotocol</Filter>
    </ClCompile>
    <ClCompile Include="Deserializer.cpp">
      <Filter>Commprotocol</Filter>
    </ClCompile>
    <ClCompile Include="Serializer.cpp">
      <Filter>Commprotocol</Filter>
    </ClCompile>
    <ClCompile Include="PacketParser.cpp">
      <Filter>Commprotocol</Filter>
    </ClCompile>
    <ClCompile Include="ParseStatusResponse.cpp">
      <Filter>Commprotocol</Filter>
    </ClCompile>
    <ClCompile Include="MAP_TCP.cpp">
      <Filter>소스 파일</Filter>
    </ClCompile>
  </ItemGroup>
  <ItemGroup>
    <ResourceCompile Include="SAMtest.rc">
      <Filter>리소스 파일</Filter>
    </ResourceCompile>
  </ItemGroup>
  <ItemGroup>
    <None Include="res\SAMtest.rc2">
      <Filter>리소스 파일</Filter>
    </None>
  </ItemGroup>
  <ItemGroup>
    <Image Include="res\SAMtest.ico">
      <Filter>리소스 파일</Filter>
    </Image>
  </ItemGroup>
</Project>